
Microsoft Visual Studio Solution File, Format Version 12.00
# Visual Studio Version 16
VisualStudioVersion = 25.0.1706.14
MinimumVisualStudioVersion = 10.0.40219.1
Project("{FAE04EC0-301F-11D3-BF4B-00C04F79EFBC}") = "Order.API", "Order.API\Order.API.csproj", "{3E39C720-6DA9-4026-8750-59482E71006A}"
EndProject
Project("{FAE04EC0-301F-11D3-BF4B-00C04F79EFBC}") = "Payment.API", "Payment.API\Payment.API.csproj", "{EFBA8014-E701-4004-895A-09B361DC0486}"
EndProject
Project("{FAE04EC0-301F-11D3-BF4B-00C04F79EFBC}") = "Stock.API", "Stock.API\Stock.API.csproj", "{C3D8128B-79DD-49A9-BFBE-8E4FCFF0A780}"
EndProject
Project("{FAE04EC0-301F-11D3-BF4B-00C04F79EFBC}") = "Shared", "Shared\Shared.csproj", "{A554D4AA-F5D9-42A0-96DA-ECA1D1D984FD}"
EndProject
Global
	GlobalSection(SolutionConfigurationPlatforms) = preSolution
		Debug|Any CPU = Debug|Any CPU
		Release|Any CPU = Release|Any CPU
	EndGlobalSection
	GlobalSection(ProjectConfigurationPlatforms) = postSolution
		{3E39C720-6DA9-4026-8750-59482E71006A}.Debug|Any CPU.ActiveCfg = Debug|Any CPU
		{3E39C720-6DA9-4026-8750-59482E71006A}.Debug|Any CPU.Build.0 = Debug|Any CPU
		{3E39C720-6DA9-4026-8750-59482E71006A}.Release|Any CPU.ActiveCfg = Release|Any CPU
		{3E39C720-6DA9-4026-8750-59482E71006A}.Release|Any CPU.Build.0 = Release|Any CPU
		{EFBA8014-E701-4004-895A-09B361DC0486}.Debug|Any CPU.ActiveCfg = Debug|Any CPU
		{EFBA8014-E701-4004-895A-09B361DC0486}.Debug|Any CPU.Build.0 = Debug|Any CPU
		{EFBA8014-E701-4004-895A-09B361DC0486}.Release|Any CPU.ActiveCfg = Release|Any CPU
		{EFBA8014-E701-4004-895A-09B361DC0486}.Release|Any CPU.Build.0 = Release|Any CPU
		{C3D8128B-79DD-49A9-BFBE-8E4FCFF0A780}.Debug|Any CPU.ActiveCfg = Debug|Any CPU
		{C3D8128B-79DD-49A9-BFBE-8E4FCFF0A780}.Debug|Any CPU.Build.0 = Debug|Any CPU
		{C3D8128B-79DD-49A9-BFBE-8E4FCFF0A780}.Release|Any CPU.ActiveCfg = Release|Any CPU
		{C3D8128B-79DD-49A9-BFBE-8E4FCFF0A780}.Release|Any CPU.Build.0 = Release|Any CPU
		{A554D4AA-F5D9-42A0-96DA-ECA1D1D984FD}.Debug|Any CPU.ActiveCfg = Debug|Any CPU
		{A554D4AA-F5D9-42A0-96DA-ECA1D1D984FD}.Debug|Any CPU.Build.0 = Debug|Any CPU
		{A554D4AA-F5D9-42A0-96DA-ECA1D1D984FD}.Release|Any CPU.ActiveCfg = Release|Any CPU
		{A554D4AA-F5D9-42A0-96DA-ECA1D1D984FD}.Release|Any CPU.Build.0 = Release|Any CPU
	EndGlobalSection
	GlobalSection(SolutionProperties) = preSolution
		HideSolutionNode = FALSE
	EndGlobalSection
	GlobalSection(ExtensibilityGlobals) = postSolution
		SolutionGuid = {9F9E5262-8B5C-44D0-8455-4D728B80E2AC}
	EndGlobalSection
EndGlobal
